// !$*UTF8*$!
{
	archiveVersion = 1;
	classes = {
	};
	objectVersion = 55;
	objects = {

/* Begin PBXBuildFile section */
		5A231F48290C349B008BB159 /* URLRequestFactoryTests.swift in Sources */ = {isa = PBXBuildFile; fileRef = 5A231F47290C349B008BB159 /* URLRequestFactoryTests.swift */; };
		5A231F4A290FE4BA008BB159 /* URLComponentsFactoryTests.swift in Sources */ = {isa = PBXBuildFile; fileRef = 5A231F49290FE4BA008BB159 /* URLComponentsFactoryTests.swift */; };
		5A231F4F290FEAAD008BB159 /* URLSession+Extension.swift in Sources */ = {isa = PBXBuildFile; fileRef = 5A231F4E290FEAAD008BB159 /* URLSession+Extension.swift */; };
		5A231F52290FEC1A008BB159 /* HTTPClientTests.swift in Sources */ = {isa = PBXBuildFile; fileRef = 5A231F51290FEC1A008BB159 /* HTTPClientTests.swift */; };
		5A231F55290FF7D7008BB159 /* RequestComponents+Equatable.swift in Sources */ = {isa = PBXBuildFile; fileRef = 5A231F54290FF7D7008BB159 /* RequestComponents+Equatable.swift */; };
		5A231F5A29114F99008BB159 /* URLSessionDataTask+Extension.swift in Sources */ = {isa = PBXBuildFile; fileRef = 5A231F5929114F99008BB159 /* URLSessionDataTask+Extension.swift */; };
		5A231F5E29128DC3008BB159 /* EmployeesResponse.swift in Sources */ = {isa = PBXBuildFile; fileRef = 5A231F5D29128DC3008BB159 /* EmployeesResponse.swift */; };
		5A231F6029128DD4008BB159 /* Employee.swift in Sources */ = {isa = PBXBuildFile; fileRef = 5A231F5F29128DD4008BB159 /* Employee.swift */; };
		5A6A50D528EB1C8C005009D8 /* KODE_SampleApp.swift in Sources */ = {isa = PBXBuildFile; fileRef = 5A6A50D428EB1C8C005009D8 /* KODE_SampleApp.swift */; };
		5A6A50D728EB1C8C005009D8 /* EmployeesListView.swift in Sources */ = {isa = PBXBuildFile; fileRef = 5A6A50D628EB1C8C005009D8 /* EmployeesListView.swift */; };
		5A6A50D928EB1C8F005009D8 /* Assets.xcassets in Resources */ = {isa = PBXBuildFile; fileRef = 5A6A50D828EB1C8F005009D8 /* Assets.xcassets */; };
		5A6A50DC28EB1C8F005009D8 /* Preview Assets.xcassets in Resources */ = {isa = PBXBuildFile; fileRef = 5A6A50DB28EB1C8F005009D8 /* Preview Assets.xcassets */; };
		5A6C5A5B28EC49C1000C823E /* CommonSearchBar.swift in Sources */ = {isa = PBXBuildFile; fileRef = 5A6C5A5A28EC49C1000C823E /* CommonSearchBar.swift */; };
		5A6C5A5E28EDE092000C823E /* Color+hex.swift in Sources */ = {isa = PBXBuildFile; fileRef = 5A6C5A5D28EDE092000C823E /* Color+hex.swift */; };
		5A6C5A6328EEE7C7000C823E /* HTTPClient.swift in Sources */ = {isa = PBXBuildFile; fileRef = 5A6C5A6228EEE7C7000C823E /* HTTPClient.swift */; };
		5A6C5A6628EF12F8000C823E /* EmployeesService.swift in Sources */ = {isa = PBXBuildFile; fileRef = 5A6C5A6528EF12F8000C823E /* EmployeesService.swift */; };
		5A6C5A6F28F6E8F7000C823E /* EmployeesListPresenter.swift in Sources */ = {isa = PBXBuildFile; fileRef = 5A6C5A6E28F6E8F7000C823E /* EmployeesListPresenter.swift */; };
		5A6C5A7228F6EB7A000C823E /* EmployeesListAssembly.swift in Sources */ = {isa = PBXBuildFile; fileRef = 5A6C5A7128F6EB7A000C823E /* EmployeesListAssembly.swift */; };
		5A6C5A7428F85940000C823E /* RequestComponents.swift in Sources */ = {isa = PBXBuildFile; fileRef = 5A6C5A7328F85940000C823E /* RequestComponents.swift */; };
		5A6C5A7728F98F67000C823E /* RequestMethod.swift in Sources */ = {isa = PBXBuildFile; fileRef = 5A6C5A7628F98F67000C823E /* RequestMethod.swift */; };
		5A6C5A79290016F5000C823E /* URLComponentsFactory.swift in Sources */ = {isa = PBXBuildFile; fileRef = 5A6C5A78290016F5000C823E /* URLComponentsFactory.swift */; };
		5A6C5A7B290017C5000C823E /* HTTPClientAssembly.swift in Sources */ = {isa = PBXBuildFile; fileRef = 5A6C5A7A290017C5000C823E /* HTTPClientAssembly.swift */; };
		5A6C5A7D290018D3000C823E /* URLRequestFactory.swift in Sources */ = {isa = PBXBuildFile; fileRef = 5A6C5A7C290018D3000C823E /* URLRequestFactory.swift */; };
		5A6C5A7F2902DC62000C823E /* NetworkError.swift in Sources */ = {isa = PBXBuildFile; fileRef = 5A6C5A7E2902DC62000C823E /* NetworkError.swift */; };
		5A9F8795290C0FD5000F63F7 /* AutoGeneratedMocks.swift in Sources */ = {isa = PBXBuildFile; fileRef = 5A9F8794290C0FD5000F63F7 /* AutoGeneratedMocks.swift */; };
		5A9F8798290C1B2A000F63F7 /* .sourcery.yml in Resources */ = {isa = PBXBuildFile; fileRef = 5A9F8796290C1ADF000F63F7 /* .sourcery.yml */; };
/* End PBXBuildFile section */

/* Begin PBXContainerItemProxy section */
		5A6A50E228EB1C8F005009D8 /* PBXContainerItemProxy */ = {
			isa = PBXContainerItemProxy;
			containerPortal = 5A6A50C928EB1C8C005009D8 /* Project object */;
			proxyType = 1;
			remoteGlobalIDString = 5A6A50D028EB1C8C005009D8;
			remoteInfo = "KODE-Sample";
		};
		5A6A50EC28EB1C8F005009D8 /* PBXContainerItemProxy */ = {
			isa = PBXContainerItemProxy;
			containerPortal = 5A6A50C928EB1C8C005009D8 /* Project object */;
			proxyType = 1;
			remoteGlobalIDString = 5A6A50D028EB1C8C005009D8;
			remoteInfo = "KODE-Sample";
		};
/* End PBXContainerItemProxy section */

/* Begin PBXFileReference section */
		5A231F47290C349B008BB159 /* URLRequestFactoryTests.swift */ = {isa = PBXFileReference; lastKnownFileType = sourcecode.swift; path = URLRequestFactoryTests.swift; sourceTree = "<group>"; };
		5A231F49290FE4BA008BB159 /* URLComponentsFactoryTests.swift */ = {isa = PBXFileReference; lastKnownFileType = sourcecode.swift; path = URLComponentsFactoryTests.swift; sourceTree = "<group>"; };
		5A231F4E290FEAAD008BB159 /* URLSession+Extension.swift */ = {isa = PBXFileReference; lastKnownFileType = sourcecode.swift; path = "URLSession+Extension.swift"; sourceTree = "<group>"; };
		5A231F51290FEC1A008BB159 /* HTTPClientTests.swift */ = {isa = PBXFileReference; lastKnownFileType = sourcecode.swift; path = HTTPClientTests.swift; sourceTree = "<group>"; };
		5A231F54290FF7D7008BB159 /* RequestComponents+Equatable.swift */ = {isa = PBXFileReference; lastKnownFileType = sourcecode.swift; path = "RequestComponents+Equatable.swift"; sourceTree = "<group>"; };
		5A231F5929114F99008BB159 /* URLSessionDataTask+Extension.swift */ = {isa = PBXFileReference; lastKnownFileType = sourcecode.swift; path = "URLSessionDataTask+Extension.swift"; sourceTree = "<group>"; };
		5A231F5D29128DC3008BB159 /* EmployeesResponse.swift */ = {isa = PBXFileReference; lastKnownFileType = sourcecode.swift; path = EmployeesResponse.swift; sourceTree = "<group>"; };
		5A231F5F29128DD4008BB159 /* Employee.swift */ = {isa = PBXFileReference; lastKnownFileType = sourcecode.swift; path = Employee.swift; sourceTree = "<group>"; };
		5A6A50D128EB1C8C005009D8 /* KODE-Sample.app */ = {isa = PBXFileReference; explicitFileType = wrapper.application; includeInIndex = 0; path = "KODE-Sample.app"; sourceTree = BUILT_PRODUCTS_DIR; };
		5A6A50D428EB1C8C005009D8 /* KODE_SampleApp.swift */ = {isa = PBXFileReference; lastKnownFileType = sourcecode.swift; path = KODE_SampleApp.swift; sourceTree = "<group>"; };
		5A6A50D628EB1C8C005009D8 /* EmployeesListView.swift */ = {isa = PBXFileReference; lastKnownFileType = sourcecode.swift; path = EmployeesListView.swift; sourceTree = "<group>"; };
		5A6A50D828EB1C8F005009D8 /* Assets.xcassets */ = {isa = PBXFileReference; lastKnownFileType = folder.assetcatalog; path = Assets.xcassets; sourceTree = "<group>"; };
		5A6A50DB28EB1C8F005009D8 /* Preview Assets.xcassets */ = {isa = PBXFileReference; lastKnownFileType = folder.assetcatalog; path = "Preview Assets.xcassets"; sourceTree = "<group>"; };
		5A6A50E128EB1C8F005009D8 /* KODE-SampleTests.xctest */ = {isa = PBXFileReference; explicitFileType = wrapper.cfbundle; includeInIndex = 0; path = "KODE-SampleTests.xctest"; sourceTree = BUILT_PRODUCTS_DIR; };
		5A6A50EB28EB1C8F005009D8 /* KODE-SampleUITests.xctest */ = {isa = PBXFileReference; explicitFileType = wrapper.cfbundle; includeInIndex = 0; path = "KODE-SampleUITests.xctest"; sourceTree = BUILT_PRODUCTS_DIR; };
		5A6C5A5A28EC49C1000C823E /* CommonSearchBar.swift */ = {isa = PBXFileReference; lastKnownFileType = sourcecode.swift; path = CommonSearchBar.swift; sourceTree = "<group>"; };
		5A6C5A5D28EDE092000C823E /* Color+hex.swift */ = {isa = PBXFileReference; lastKnownFileType = sourcecode.swift; path = "Color+hex.swift"; sourceTree = "<group>"; };
		5A6C5A6228EEE7C7000C823E /* HTTPClient.swift */ = {isa = PBXFileReference; lastKnownFileType = sourcecode.swift; path = HTTPClient.swift; sourceTree = "<group>"; };
		5A6C5A6528EF12F8000C823E /* EmployeesService.swift */ = {isa = PBXFileReference; lastKnownFileType = sourcecode.swift; path = EmployeesService.swift; sourceTree = "<group>"; };
		5A6C5A6E28F6E8F7000C823E /* EmployeesListPresenter.swift */ = {isa = PBXFileReference; lastKnownFileType = sourcecode.swift; path = EmployeesListPresenter.swift; sourceTree = "<group>"; };
		5A6C5A7128F6EB7A000C823E /* EmployeesListAssembly.swift */ = {isa = PBXFileReference; lastKnownFileType = sourcecode.swift; path = EmployeesListAssembly.swift; sourceTree = "<group>"; };
		5A6C5A7328F85940000C823E /* RequestComponents.swift */ = {isa = PBXFileReference; lastKnownFileType = sourcecode.swift; path = RequestComponents.swift; sourceTree = "<group>"; };
		5A6C5A7628F98F67000C823E /* RequestMethod.swift */ = {isa = PBXFileReference; lastKnownFileType = sourcecode.swift; path = RequestMethod.swift; sourceTree = "<group>"; };
		5A6C5A78290016F5000C823E /* URLComponentsFactory.swift */ = {isa = PBXFileReference; lastKnownFileType = sourcecode.swift; path = URLComponentsFactory.swift; sourceTree = "<group>"; };
		5A6C5A7A290017C5000C823E /* HTTPClientAssembly.swift */ = {isa = PBXFileReference; lastKnownFileType = sourcecode.swift; path = HTTPClientAssembly.swift; sourceTree = "<group>"; };
		5A6C5A7C290018D3000C823E /* URLRequestFactory.swift */ = {isa = PBXFileReference; lastKnownFileType = sourcecode.swift; path = URLRequestFactory.swift; sourceTree = "<group>"; };
		5A6C5A7E2902DC62000C823E /* NetworkError.swift */ = {isa = PBXFileReference; lastKnownFileType = sourcecode.swift; path = NetworkError.swift; sourceTree = "<group>"; };
		5A9F8794290C0FD5000F63F7 /* AutoGeneratedMocks.swift */ = {isa = PBXFileReference; fileEncoding = 4; lastKnownFileType = sourcecode.swift; path = AutoGeneratedMocks.swift; sourceTree = "<group>"; };
		5A9F8796290C1ADF000F63F7 /* .sourcery.yml */ = {isa = PBXFileReference; fileEncoding = 4; lastKnownFileType = text.yaml; path = .sourcery.yml; sourceTree = "<group>"; };
/* End PBXFileReference section */

/* Begin PBXFrameworksBuildPhase section */
		5A6A50CE28EB1C8C005009D8 /* Frameworks */ = {
			isa = PBXFrameworksBuildPhase;
			buildActionMask = 2147483647;
			files = (
			);
			runOnlyForDeploymentPostprocessing = 0;
		};
		5A6A50DE28EB1C8F005009D8 /* Frameworks */ = {
			isa = PBXFrameworksBuildPhase;
			buildActionMask = 2147483647;
			files = (
			);
			runOnlyForDeploymentPostprocessing = 0;
		};
		5A6A50E828EB1C8F005009D8 /* Frameworks */ = {
			isa = PBXFrameworksBuildPhase;
			buildActionMask = 2147483647;
			files = (
			);
			runOnlyForDeploymentPostprocessing = 0;
		};
/* End PBXFrameworksBuildPhase section */

/* Begin PBXGroup section */
		5A231F4B290FEA75008BB159 /* Extensions */ = {
			isa = PBXGroup;
			children = (
				5A231F4E290FEAAD008BB159 /* URLSession+Extension.swift */,
				5A231F5929114F99008BB159 /* URLSessionDataTask+Extension.swift */,
			);
			path = Extensions;
			sourceTree = "<group>";
		};
		5A231F53290FF7C5008BB159 /* Extensions */ = {
			isa = PBXGroup;
			children = (
				5A231F54290FF7D7008BB159 /* RequestComponents+Equatable.swift */,
			);
			path = Extensions;
			sourceTree = "<group>";
		};
		5A231F5B29128D96008BB159 /* EmployeesSerivice */ = {
			isa = PBXGroup;
			children = (
				5A231F5C29128DAD008BB159 /* Models */,
				5A6C5A6528EF12F8000C823E /* EmployeesService.swift */,
			);
			path = EmployeesSerivice;
			sourceTree = "<group>";
		};
		5A231F5C29128DAD008BB159 /* Models */ = {
			isa = PBXGroup;
			children = (
				5A231F5F29128DD4008BB159 /* Employee.swift */,
				5A231F5D29128DC3008BB159 /* EmployeesResponse.swift */,
			);
			path = Models;
			sourceTree = "<group>";
		};
		5A6A50C828EB1C8C005009D8 = {
			isa = PBXGroup;
			children = (
				5A6A50D328EB1C8C005009D8 /* KODE-Sample */,
				5A6A50E428EB1C8F005009D8 /* KODE-SampleTests */,
				5A6A50D228EB1C8C005009D8 /* Products */,
				5AF21072290AC76A00933EF5 /* Frameworks */,
			);
			sourceTree = "<group>";
		};
		5A6A50D228EB1C8C005009D8 /* Products */ = {
			isa = PBXGroup;
			children = (
				5A6A50D128EB1C8C005009D8 /* KODE-Sample.app */,
				5A6A50E128EB1C8F005009D8 /* KODE-SampleTests.xctest */,
				5A6A50EB28EB1C8F005009D8 /* KODE-SampleUITests.xctest */,
			);
			name = Products;
			sourceTree = "<group>";
		};
		5A6A50D328EB1C8C005009D8 /* KODE-Sample */ = {
			isa = PBXGroup;
			children = (
				5A6C5A6028EEE76E000C823E /* CoreLayer */,
				5A6C5A6B28F6E6AC000C823E /* PresentationLayer */,
				5A6C5A6428EF0EDE000C823E /* ServiceLayer */,
				5A6C5A5928EC494D000C823E /* CommonViews */,
				5A6A50D428EB1C8C005009D8 /* KODE_SampleApp.swift */,
				5A6A50D828EB1C8F005009D8 /* Assets.xcassets */,
				5A9F8799290C1BD4000F63F7 /* SupportingFiles */,
				5A6A50DA28EB1C8F005009D8 /* Preview Content */,
			);
			path = "KODE-Sample";
			sourceTree = "<group>";
		};
		5A6A50DA28EB1C8F005009D8 /* Preview Content */ = {
			isa = PBXGroup;
			children = (
				5A6A50DB28EB1C8F005009D8 /* Preview Assets.xcassets */,
			);
			path = "Preview Content";
			sourceTree = "<group>";
		};
		5A6A50E428EB1C8F005009D8 /* KODE-SampleTests */ = {
			isa = PBXGroup;
			children = (
				5A6C5A802902DFE5000C823E /* CoreLayerTests */,
				5A9F8794290C0FD5000F63F7 /* AutoGeneratedMocks.swift */,
			);
			path = "KODE-SampleTests";
			sourceTree = "<group>";
		};
		5A6C5A5928EC494D000C823E /* CommonViews */ = {
			isa = PBXGroup;
			children = (
				5A6C5A5A28EC49C1000C823E /* CommonSearchBar.swift */,
			);
			path = CommonViews;
			sourceTree = "<group>";
		};
		5A6C5A5C28EDE079000C823E /* Extensions */ = {
			isa = PBXGroup;
			children = (
				5A6C5A5D28EDE092000C823E /* Color+hex.swift */,
			);
			path = Extensions;
			sourceTree = "<group>";
		};
		5A6C5A6028EEE76E000C823E /* CoreLayer */ = {
			isa = PBXGroup;
			children = (
				5A6C5A6128EEE781000C823E /* Network */,
			);
			path = CoreLayer;
			sourceTree = "<group>";
		};
		5A6C5A6128EEE781000C823E /* Network */ = {
			isa = PBXGroup;
			children = (
				5A231F4B290FEA75008BB159 /* Extensions */,
				5A6C5A7528F98F4E000C823E /* Models */,
				5A6C5A6228EEE7C7000C823E /* HTTPClient.swift */,
				5A6C5A7A290017C5000C823E /* HTTPClientAssembly.swift */,
				5A6C5A78290016F5000C823E /* URLComponentsFactory.swift */,
				5A6C5A7C290018D3000C823E /* URLRequestFactory.swift */,
			);
			path = Network;
			sourceTree = "<group>";
		};
		5A6C5A6428EF0EDE000C823E /* ServiceLayer */ = {
			isa = PBXGroup;
			children = (
				5A231F5B29128D96008BB159 /* EmployeesSerivice */,
			);
			path = ServiceLayer;
			sourceTree = "<group>";
		};
		5A6C5A6B28F6E6AC000C823E /* PresentationLayer */ = {
			isa = PBXGroup;
			children = (
				5A6C5A6C28F6E849000C823E /* Modules */,
				5A6C5A5C28EDE079000C823E /* Extensions */,
			);
			path = PresentationLayer;
			sourceTree = "<group>";
		};
		5A6C5A6C28F6E849000C823E /* Modules */ = {
			isa = PBXGroup;
			children = (
				5A6C5A6D28F6E857000C823E /* EmployeesListModule */,
			);
			path = Modules;
			sourceTree = "<group>";
		};
		5A6C5A6D28F6E857000C823E /* EmployeesListModule */ = {
			isa = PBXGroup;
			children = (
				5A6C5A7128F6EB7A000C823E /* EmployeesListAssembly.swift */,
				5A6A50D628EB1C8C005009D8 /* EmployeesListView.swift */,
				5A6C5A6E28F6E8F7000C823E /* EmployeesListPresenter.swift */,
			);
			path = EmployeesListModule;
			sourceTree = "<group>";
		};
		5A6C5A7528F98F4E000C823E /* Models */ = {
			isa = PBXGroup;
			children = (
				5A6C5A7328F85940000C823E /* RequestComponents.swift */,
				5A6C5A7628F98F67000C823E /* RequestMethod.swift */,
				5A6C5A7E2902DC62000C823E /* NetworkError.swift */,
			);
			path = Models;
			sourceTree = "<group>";
		};
		5A6C5A802902DFE5000C823E /* CoreLayerTests */ = {
			isa = PBXGroup;
			children = (
				5A6C5A812902E078000C823E /* NetworkTests */,
			);
			path = CoreLayerTests;
			sourceTree = "<group>";
		};
		5A6C5A812902E078000C823E /* NetworkTests */ = {
			isa = PBXGroup;
			children = (
				5A231F53290FF7C5008BB159 /* Extensions */,
				5A231F51290FEC1A008BB159 /* HTTPClientTests.swift */,
				5A231F47290C349B008BB159 /* URLRequestFactoryTests.swift */,
				5A231F49290FE4BA008BB159 /* URLComponentsFactoryTests.swift */,
			);
			path = NetworkTests;
			sourceTree = "<group>";
		};
		5A9F8799290C1BD4000F63F7 /* SupportingFiles */ = {
			isa = PBXGroup;
			children = (
				5A9F8796290C1ADF000F63F7 /* .sourcery.yml */,
			);
			path = SupportingFiles;
			sourceTree = "<group>";
		};
		5AF21072290AC76A00933EF5 /* Frameworks */ = {
			isa = PBXGroup;
			children = (
			);
			name = Frameworks;
			sourceTree = "<group>";
		};
/* End PBXGroup section */

/* Begin PBXNativeTarget section */
		5A6A50D028EB1C8C005009D8 /* KODE-Sample */ = {
			isa = PBXNativeTarget;
			buildConfigurationList = 5A6A50F528EB1C8F005009D8 /* Build configuration list for PBXNativeTarget "KODE-Sample" */;
			buildPhases = (
				5A6A50CD28EB1C8C005009D8 /* Sources */,
				5A6A50CE28EB1C8C005009D8 /* Frameworks */,
				5A6A50CF28EB1C8C005009D8 /* Resources */,
			);
			buildRules = (
			);
			dependencies = (
			);
			name = "KODE-Sample";
			packageProductDependencies = (
			);
			productName = "KODE-Sample";
			productReference = 5A6A50D128EB1C8C005009D8 /* KODE-Sample.app */;
			productType = "com.apple.product-type.application";
		};
		5A6A50E028EB1C8F005009D8 /* KODE-SampleTests */ = {
			isa = PBXNativeTarget;
			buildConfigurationList = 5A6A50F828EB1C8F005009D8 /* Build configuration list for PBXNativeTarget "KODE-SampleTests" */;
			buildPhases = (
				5A6A50DD28EB1C8F005009D8 /* Sources */,
				5A6A50DE28EB1C8F005009D8 /* Frameworks */,
				5A6A50DF28EB1C8F005009D8 /* Resources */,
			);
			buildRules = (
			);
			dependencies = (
				5A6A50E328EB1C8F005009D8 /* PBXTargetDependency */,
			);
			name = "KODE-SampleTests";
			productName = "KODE-SampleTests";
			productReference = 5A6A50E128EB1C8F005009D8 /* KODE-SampleTests.xctest */;
			productType = "com.apple.product-type.bundle.unit-test";
		};
		5A6A50EA28EB1C8F005009D8 /* KODE-SampleUITests */ = {
			isa = PBXNativeTarget;
			buildConfigurationList = 5A6A50FB28EB1C8F005009D8 /* Build configuration list for PBXNativeTarget "KODE-SampleUITests" */;
			buildPhases = (
				5A6A50E728EB1C8F005009D8 /* Sources */,
				5A6A50E828EB1C8F005009D8 /* Frameworks */,
				5A6A50E928EB1C8F005009D8 /* Resources */,
			);
			buildRules = (
			);
			dependencies = (
				5A6A50ED28EB1C8F005009D8 /* PBXTargetDependency */,
			);
			name = "KODE-SampleUITests";
			productName = "KODE-SampleUITests";
			productReference = 5A6A50EB28EB1C8F005009D8 /* KODE-SampleUITests.xctest */;
			productType = "com.apple.product-type.bundle.ui-testing";
		};
/* End PBXNativeTarget section */

/* Begin PBXProject section */
		5A6A50C928EB1C8C005009D8 /* Project object */ = {
			isa = PBXProject;
			attributes = {
				BuildIndependentTargetsInParallel = 1;
				LastSwiftUpdateCheck = 1330;
				LastUpgradeCheck = 1330;
				TargetAttributes = {
					5A6A50D028EB1C8C005009D8 = {
						CreatedOnToolsVersion = 13.3.1;
					};
					5A6A50E028EB1C8F005009D8 = {
						CreatedOnToolsVersion = 13.3.1;
						TestTargetID = 5A6A50D028EB1C8C005009D8;
					};
					5A6A50EA28EB1C8F005009D8 = {
						CreatedOnToolsVersion = 13.3.1;
						TestTargetID = 5A6A50D028EB1C8C005009D8;
					};
				};
			};
			buildConfigurationList = 5A6A50CC28EB1C8C005009D8 /* Build configuration list for PBXProject "KODE-Sample" */;
			compatibilityVersion = "Xcode 13.0";
			developmentRegion = en;
			hasScannedForEncodings = 0;
			knownRegions = (
				en,
				Base,
			);
			mainGroup = 5A6A50C828EB1C8C005009D8;
			packageReferences = (
				5AF21071290AC74700933EF5 /* XCRemoteSwiftPackageReference "Sourcery" */,
			);
			productRefGroup = 5A6A50D228EB1C8C005009D8 /* Products */;
			projectDirPath = "";
			projectRoot = "";
			targets = (
				5A6A50D028EB1C8C005009D8 /* KODE-Sample */,
				5A6A50E028EB1C8F005009D8 /* KODE-SampleTests */,
				5A6A50EA28EB1C8F005009D8 /* KODE-SampleUITests */,
			);
		};
/* End PBXProject section */

/* Begin PBXResourcesBuildPhase section */
		5A6A50CF28EB1C8C005009D8 /* Resources */ = {
			isa = PBXResourcesBuildPhase;
			buildActionMask = 2147483647;
			files = (
				5A6A50DC28EB1C8F005009D8 /* Preview Assets.xcassets in Resources */,
				5A9F8798290C1B2A000F63F7 /* .sourcery.yml in Resources */,
				5A6A50D928EB1C8F005009D8 /* Assets.xcassets in Resources */,
			);
			runOnlyForDeploymentPostprocessing = 0;
		};
		5A6A50DF28EB1C8F005009D8 /* Resources */ = {
			isa = PBXResourcesBuildPhase;
			buildActionMask = 2147483647;
			files = (
			);
			runOnlyForDeploymentPostprocessing = 0;
		};
		5A6A50E928EB1C8F005009D8 /* Resources */ = {
			isa = PBXResourcesBuildPhase;
			buildActionMask = 2147483647;
			files = (
			);
			runOnlyForDeploymentPostprocessing = 0;
		};
/* End PBXResourcesBuildPhase section */

/* Begin PBXSourcesBuildPhase section */
		5A6A50CD28EB1C8C005009D8 /* Sources */ = {
			isa = PBXSourcesBuildPhase;
			buildActionMask = 2147483647;
			files = (
				5A6C5A5B28EC49C1000C823E /* CommonSearchBar.swift in Sources */,
				5A231F6029128DD4008BB159 /* Employee.swift in Sources */,
				5A6C5A6328EEE7C7000C823E /* HTTPClient.swift in Sources */,
				5A6C5A7B290017C5000C823E /* HTTPClientAssembly.swift in Sources */,
				5A6C5A5E28EDE092000C823E /* Color+hex.swift in Sources */,
				5A6C5A6628EF12F8000C823E /* EmployeesService.swift in Sources */,
				5A6C5A7728F98F67000C823E /* RequestMethod.swift in Sources */,
				5A6C5A7228F6EB7A000C823E /* EmployeesListAssembly.swift in Sources */,
				5A6A50D728EB1C8C005009D8 /* EmployeesListView.swift in Sources */,
				5A6C5A7F2902DC62000C823E /* NetworkError.swift in Sources */,
				5A6C5A7428F85940000C823E /* RequestComponents.swift in Sources */,
				5A6C5A6F28F6E8F7000C823E /* EmployeesListPresenter.swift in Sources */,
				5A231F5E29128DC3008BB159 /* EmployeesResponse.swift in Sources */,
				5A231F4F290FEAAD008BB159 /* URLSession+Extension.swift in Sources */,
				5A6C5A79290016F5000C823E /* URLComponentsFactory.swift in Sources */,
				5A231F5A29114F99008BB159 /* URLSessionDataTask+Extension.swift in Sources */,
				5A6C5A7D290018D3000C823E /* URLRequestFactory.swift in Sources */,
				5A6A50D528EB1C8C005009D8 /* KODE_SampleApp.swift in Sources */,
			);
			runOnlyForDeploymentPostprocessing = 0;
		};
		5A6A50DD28EB1C8F005009D8 /* Sources */ = {
			isa = PBXSourcesBuildPhase;
			buildActionMask = 2147483647;
			files = (
				5A231F48290C349B008BB159 /* URLRequestFactoryTests.swift in Sources */,
				5A231F4A290FE4BA008BB159 /* URLComponentsFactoryTests.swift in Sources */,
				5A231F55290FF7D7008BB159 /* RequestComponents+Equatable.swift in Sources */,
				5A231F52290FEC1A008BB159 /* HTTPClientTests.swift in Sources */,
				5A9F8795290C0FD5000F63F7 /* AutoGeneratedMocks.swift in Sources */,
			);
			runOnlyForDeploymentPostprocessing = 0;
		};
		5A6A50E728EB1C8F005009D8 /* Sources */ = {
			isa = PBXSourcesBuildPhase;
			buildActionMask = 2147483647;
			files = (
			);
			runOnlyForDeploymentPostprocessing = 0;
		};
/* End PBXSourcesBuildPhase section */

/* Begin PBXTargetDependency section */
		5A6A50E328EB1C8F005009D8 /* PBXTargetDependency */ = {
			isa = PBXTargetDependency;
			target = 5A6A50D028EB1C8C005009D8 /* KODE-Sample */;
			targetProxy = 5A6A50E228EB1C8F005009D8 /* PBXContainerItemProxy */;
		};
		5A6A50ED28EB1C8F005009D8 /* PBXTargetDependency */ = {
			isa = PBXTargetDependency;
			target = 5A6A50D028EB1C8C005009D8 /* KODE-Sample */;
			targetProxy = 5A6A50EC28EB1C8F005009D8 /* PBXContainerItemProxy */;
		};
/* End PBXTargetDependency section */

/* Begin XCBuildConfiguration section */
		5A6A50F328EB1C8F005009D8 /* Debug */ = {
			isa = XCBuildConfiguration;
			buildSettings = {
				ALWAYS_SEARCH_USER_PATHS = NO;
				CLANG_ANALYZER_NONNULL = YES;
				CLANG_ANALYZER_NUMBER_OBJECT_CONVERSION = YES_AGGRESSIVE;
				CLANG_CXX_LANGUAGE_STANDARD = "gnu++17";
				CLANG_ENABLE_MODULES = YES;
				CLANG_ENABLE_OBJC_ARC = YES;
				CLANG_ENABLE_OBJC_WEAK = YES;
				CLANG_WARN_BLOCK_CAPTURE_AUTORELEASING = YES;
				CLANG_WARN_BOOL_CONVERSION = YES;
				CLANG_WARN_COMMA = YES;
				CLANG_WARN_CONSTANT_CONVERSION = YES;
				CLANG_WARN_DEPRECATED_OBJC_IMPLEMENTATIONS = YES;
				CLANG_WARN_DIRECT_OBJC_ISA_USAGE = YES_ERROR;
				CLANG_WARN_DOCUMENTATION_COMMENTS = YES;
				CLANG_WARN_EMPTY_BODY = YES;
				CLANG_WARN_ENUM_CONVERSION = YES;
				CLANG_WARN_INFINITE_RECURSION = YES;
				CLANG_WARN_INT_CONVERSION = YES;
				CLANG_WARN_NON_LITERAL_NULL_CONVERSION = YES;
				CLANG_WARN_OBJC_IMPLICIT_RETAIN_SELF = YES;
				CLANG_WARN_OBJC_LITERAL_CONVERSION = YES;
				CLANG_WARN_OBJC_ROOT_CLASS = YES_ERROR;
				CLANG_WARN_QUOTED_INCLUDE_IN_FRAMEWORK_HEADER = YES;
				CLANG_WARN_RANGE_LOOP_ANALYSIS = YES;
				CLANG_WARN_STRICT_PROTOTYPES = YES;
				CLANG_WARN_SUSPICIOUS_MOVE = YES;
				CLANG_WARN_UNGUARDED_AVAILABILITY = YES_AGGRESSIVE;
				CLANG_WARN_UNREACHABLE_CODE = YES;
				CLANG_WARN__DUPLICATE_METHOD_MATCH = YES;
				COPY_PHASE_STRIP = NO;
				DEBUG_INFORMATION_FORMAT = dwarf;
				ENABLE_STRICT_OBJC_MSGSEND = YES;
				ENABLE_TESTABILITY = YES;
				GCC_C_LANGUAGE_STANDARD = gnu11;
				GCC_DYNAMIC_NO_PIC = NO;
				GCC_NO_COMMON_BLOCKS = YES;
				GCC_OPTIMIZATION_LEVEL = 0;
				GCC_PREPROCESSOR_DEFINITIONS = (
					"DEBUG=1",
					"$(inherited)",
				);
				GCC_WARN_64_TO_32_BIT_CONVERSION = YES;
				GCC_WARN_ABOUT_RETURN_TYPE = YES_ERROR;
				GCC_WARN_UNDECLARED_SELECTOR = YES;
				GCC_WARN_UNINITIALIZED_AUTOS = YES_AGGRESSIVE;
				GCC_WARN_UNUSED_FUNCTION = YES;
				GCC_WARN_UNUSED_VARIABLE = YES;
				IPHONEOS_DEPLOYMENT_TARGET = 14.0;
				MTL_ENABLE_DEBUG_INFO = INCLUDE_SOURCE;
				MTL_FAST_MATH = YES;
				ONLY_ACTIVE_ARCH = YES;
				SDKROOT = iphoneos;
				SWIFT_ACTIVE_COMPILATION_CONDITIONS = DEBUG;
				SWIFT_OPTIMIZATION_LEVEL = "-Onone";
			};
			name = Debug;
		};
		5A6A50F428EB1C8F005009D8 /* Release */ = {
			isa = XCBuildConfiguration;
			buildSettings = {
				ALWAYS_SEARCH_USER_PATHS = NO;
				CLANG_ANALYZER_NONNULL = YES;
				CLANG_ANALYZER_NUMBER_OBJECT_CONVERSION = YES_AGGRESSIVE;
				CLANG_CXX_LANGUAGE_STANDARD = "gnu++17";
				CLANG_ENABLE_MODULES = YES;
				CLANG_ENABLE_OBJC_ARC = YES;
				CLANG_ENABLE_OBJC_WEAK = YES;
				CLANG_WARN_BLOCK_CAPTURE_AUTORELEASING = YES;
				CLANG_WARN_BOOL_CONVERSION = YES;
				CLANG_WARN_COMMA = YES;
				CLANG_WARN_CONSTANT_CONVERSION = YES;
				CLANG_WARN_DEPRECATED_OBJC_IMPLEMENTATIONS = YES;
				CLANG_WARN_DIRECT_OBJC_ISA_USAGE = YES_ERROR;
				CLANG_WARN_DOCUMENTATION_COMMENTS = YES;
				CLANG_WARN_EMPTY_BODY = YES;
				CLANG_WARN_ENUM_CONVERSION = YES;
				CLANG_WARN_INFINITE_RECURSION = YES;
				CLANG_WARN_INT_CONVERSION = YES;
				CLANG_WARN_NON_LITERAL_NULL_CONVERSION = YES;
				CLANG_WARN_OBJC_IMPLICIT_RETAIN_SELF = YES;
				CLANG_WARN_OBJC_LITERAL_CONVERSION = YES;
				CLANG_WARN_OBJC_ROOT_CLASS = YES_ERROR;
				CLANG_WARN_QUOTED_INCLUDE_IN_FRAMEWORK_HEADER = YES;
				CLANG_WARN_RANGE_LOOP_ANALYSIS = YES;
				CLANG_WARN_STRICT_PROTOTYPES = YES;
				CLANG_WARN_SUSPICIOUS_MOVE = YES;
				CLANG_WARN_UNGUARDED_AVAILABILITY = YES_AGGRESSIVE;
				CLANG_WARN_UNREACHABLE_CODE = YES;
				CLANG_WARN__DUPLICATE_METHOD_MATCH = YES;
				COPY_PHASE_STRIP = NO;
				DEBUG_INFORMATION_FORMAT = "dwarf-with-dsym";
				ENABLE_NS_ASSERTIONS = NO;
				ENABLE_STRICT_OBJC_MSGSEND = YES;
				GCC_C_LANGUAGE_STANDARD = gnu11;
				GCC_NO_COMMON_BLOCKS = YES;
				GCC_WARN_64_TO_32_BIT_CONVERSION = YES;
				GCC_WARN_ABOUT_RETURN_TYPE = YES_ERROR;
				GCC_WARN_UNDECLARED_SELECTOR = YES;
				GCC_WARN_UNINITIALIZED_AUTOS = YES_AGGRESSIVE;
				GCC_WARN_UNUSED_FUNCTION = YES;
				GCC_WARN_UNUSED_VARIABLE = YES;
				IPHONEOS_DEPLOYMENT_TARGET = 14.0;
				MTL_ENABLE_DEBUG_INFO = NO;
				MTL_FAST_MATH = YES;
				SDKROOT = iphoneos;
				SWIFT_COMPILATION_MODE = wholemodule;
				SWIFT_OPTIMIZATION_LEVEL = "-O";
				VALIDATE_PRODUCT = YES;
			};
			name = Release;
		};
		5A6A50F628EB1C8F005009D8 /* Debug */ = {
			isa = XCBuildConfiguration;
			buildSettings = {
				ASSETCATALOG_COMPILER_APPICON_NAME = AppIcon;
				ASSETCATALOG_COMPILER_GLOBAL_ACCENT_COLOR_NAME = AccentColor;
				CODE_SIGN_STYLE = Automatic;
				CURRENT_PROJECT_VERSION = 1;
				DEVELOPMENT_ASSET_PATHS = "\"KODE-Sample/Preview Content\"";
				DEVELOPMENT_TEAM = 642D2T3U78;
				ENABLE_PREVIEWS = YES;
				GENERATE_INFOPLIST_FILE = YES;
				INFOPLIST_KEY_UIApplicationSceneManifest_Generation = YES;
				INFOPLIST_KEY_UIApplicationSupportsIndirectInputEvents = YES;
				INFOPLIST_KEY_UILaunchScreen_Generation = YES;
				INFOPLIST_KEY_UISupportedInterfaceOrientations = UIInterfaceOrientationPortrait;
				INFOPLIST_KEY_UISupportedInterfaceOrientations_iPad = "UIInterfaceOrientationPortrait UIInterfaceOrientationPortraitUpsideDown UIInterfaceOrientationLandscapeLeft UIInterfaceOrientationLandscapeRight";
				INFOPLIST_KEY_UISupportedInterfaceOrientations_iPhone = "UIInterfaceOrientationPortrait UIInterfaceOrientationLandscapeLeft UIInterfaceOrientationLandscapeRight";
				IPHONEOS_DEPLOYMENT_TARGET = 14.0;
				LD_RUNPATH_SEARCH_PATHS = (
					"$(inherited)",
					"@executable_path/Frameworks",
				);
				MARKETING_VERSION = 1.0;
				PRODUCT_BUNDLE_IDENTIFIER = "com.makarenko.KODE-Sample";
				PRODUCT_NAME = "$(TARGET_NAME)";
				SWIFT_EMIT_LOC_STRINGS = YES;
				SWIFT_VERSION = 5.0;
				TARGETED_DEVICE_FAMILY = 1;
			};
			name = Debug;
		};
		5A6A50F728EB1C8F005009D8 /* Release */ = {
			isa = XCBuildConfiguration;
			buildSettings = {
				ASSETCATALOG_COMPILER_APPICON_NAME = AppIcon;
				ASSETCATALOG_COMPILER_GLOBAL_ACCENT_COLOR_NAME = AccentColor;
				CODE_SIGN_STYLE = Automatic;
				CURRENT_PROJECT_VERSION = 1;
				DEVELOPMENT_ASSET_PATHS = "\"KODE-Sample/Preview Content\"";
				DEVELOPMENT_TEAM = 642D2T3U78;
				ENABLE_PREVIEWS = YES;
				GENERATE_INFOPLIST_FILE = YES;
				INFOPLIST_KEY_UIApplicationSceneManifest_Generation = YES;
				INFOPLIST_KEY_UIApplicationSupportsIndirectInputEvents = YES;
				INFOPLIST_KEY_UILaunchScreen_Generation = YES;
				INFOPLIST_KEY_UISupportedInterfaceOrientations = UIInterfaceOrientationPortrait;
				INFOPLIST_KEY_UISupportedInterfaceOrientations_iPad = "UIInterfaceOrientationPortrait UIInterfaceOrientationPortraitUpsideDown UIInterfaceOrientationLandscapeLeft UIInterfaceOrientationLandscapeRight";
				INFOPLIST_KEY_UISupportedInterfaceOrientations_iPhone = "UIInterfaceOrientationPortrait UIInterfaceOrientationLandscapeLeft UIInterfaceOrientationLandscapeRight";
				IPHONEOS_DEPLOYMENT_TARGET = 14.0;
				LD_RUNPATH_SEARCH_PATHS = (
					"$(inherited)",
					"@executable_path/Frameworks",
				);
				MARKETING_VERSION = 1.0;
				PRODUCT_BUNDLE_IDENTIFIER = "com.makarenko.KODE-Sample";
				PRODUCT_NAME = "$(TARGET_NAME)";
				SWIFT_EMIT_LOC_STRINGS = YES;
				SWIFT_VERSION = 5.0;
				TARGETED_DEVICE_FAMILY = 1;
			};
			name = Release;
		};
		5A6A50F928EB1C8F005009D8 /* Debug */ = {
			isa = XCBuildConfiguration;
			buildSettings = {
				ALWAYS_EMBED_SWIFT_STANDARD_LIBRARIES = YES;
				BUNDLE_LOADER = "$(TEST_HOST)";
				CODE_SIGN_STYLE = Automatic;
				CURRENT_PROJECT_VERSION = 1;
				DEVELOPMENT_TEAM = 642D2T3U78;
				GENERATE_INFOPLIST_FILE = YES;
				IPHONEOS_DEPLOYMENT_TARGET = 14.0;
				MARKETING_VERSION = 1.0;
				PRODUCT_BUNDLE_IDENTIFIER = "com.makarenko.KODE-SampleTests";
				PRODUCT_NAME = "$(TARGET_NAME)";
				SWIFT_EMIT_LOC_STRINGS = NO;
				SWIFT_VERSION = 5.0;
				TARGETED_DEVICE_FAMILY = "1,2";
				TEST_HOST = "$(BUILT_PRODUCTS_DIR)/KODE-Sample.app/KODE-Sample";
			};
			name = Debug;
		};
		5A6A50FA28EB1C8F005009D8 /* Release */ = {
			isa = XCBuildConfiguration;
			buildSettings = {
				ALWAYS_EMBED_SWIFT_STANDARD_LIBRARIES = YES;
				BUNDLE_LOADER = "$(TEST_HOST)";
				CODE_SIGN_STYLE = Automatic;
				CURRENT_PROJECT_VERSION = 1;
				DEVELOPMENT_TEAM = 642D2T3U78;
				GENERATE_INFOPLIST_FILE = YES;
				IPHONEOS_DEPLOYMENT_TARGET = 14.0;
				MARKETING_VERSION = 1.0;
				PRODUCT_BUNDLE_IDENTIFIER = "com.makarenko.KODE-SampleTests";
				PRODUCT_NAME = "$(TARGET_NAME)";
				SWIFT_EMIT_LOC_STRINGS = NO;
				SWIFT_VERSION = 5.0;
				TARGETED_DEVICE_FAMILY = "1,2";
				TEST_HOST = "$(BUILT_PRODUCTS_DIR)/KODE-Sample.app/KODE-Sample";
			};
			name = Release;
		};
		5A6A50FC28EB1C8F005009D8 /* Debug */ = {
			isa = XCBuildConfiguration;
			buildSettings = {
				ALWAYS_EMBED_SWIFT_STANDARD_LIBRARIES = YES;
				CODE_SIGN_STYLE = Automatic;
				CURRENT_PROJECT_VERSION = 1;
				DEVELOPMENT_TEAM = 642D2T3U78;
				GENERATE_INFOPLIST_FILE = YES;
				IPHONEOS_DEPLOYMENT_TARGET = 14.0;
				MARKETING_VERSION = 1.0;
				PRODUCT_BUNDLE_IDENTIFIER = "com.makarenko.KODE-SampleUITests";
				PRODUCT_NAME = "$(TARGET_NAME)";
				SWIFT_EMIT_LOC_STRINGS = NO;
				SWIFT_VERSION = 5.0;
				TARGETED_DEVICE_FAMILY = "1,2";
				TEST_TARGET_NAME = "KODE-Sample";
			};
			name = Debug;
		};
		5A6A50FD28EB1C8F005009D8 /* Release */ = {
			isa = XCBuildConfiguration;
			buildSettings = {
				ALWAYS_EMBED_SWIFT_STANDARD_LIBRARIES = YES;
				CODE_SIGN_STYLE = Automatic;
				CURRENT_PROJECT_VERSION = 1;
				DEVELOPMENT_TEAM = 642D2T3U78;
				GENERATE_INFOPLIST_FILE = YES;
				IPHONEOS_DEPLOYMENT_TARGET = 14.0;
				MARKETING_VERSION = 1.0;
				PRODUCT_BUNDLE_IDENTIFIER = "com.makarenko.KODE-SampleUITests";
				PRODUCT_NAME = "$(TARGET_NAME)";
				SWIFT_EMIT_LOC_STRINGS = NO;
				SWIFT_VERSION = 5.0;
				TARGETED_DEVICE_FAMILY = "1,2";
				TEST_TARGET_NAME = "KODE-Sample";
			};
			name = Release;
		};
/* End XCBuildConfiguration section */

/* Begin XCConfigurationList section */
		5A6A50CC28EB1C8C005009D8 /* Build configuration list for PBXProject "KODE-Sample" */ = {
			isa = XCConfigurationList;
			buildConfigurations = (
				5A6A50F328EB1C8F005009D8 /* Debug */,
				5A6A50F428EB1C8F005009D8 /* Release */,
			);
			defaultConfigurationIsVisible = 0;
			defaultConfigurationName = Release;
		};
		5A6A50F528EB1C8F005009D8 /* Build configuration list for PBXNativeTarget "KODE-Sample" */ = {
			isa = XCConfigurationList;
			buildConfigurations = (
				5A6A50F628EB1C8F005009D8 /* Debug */,
				5A6A50F728EB1C8F005009D8 /* Release */,
			);
			defaultConfigurationIsVisible = 0;
			defaultConfigurationName = Release;
		};
		5A6A50F828EB1C8F005009D8 /* Build configuration list for PBXNativeTarget "KODE-SampleTests" */ = {
			isa = XCConfigurationList;
			buildConfigurations = (
				5A6A50F928EB1C8F005009D8 /* Debug */,
				5A6A50FA28EB1C8F005009D8 /* Release */,
			);
			defaultConfigurationIsVisible = 0;
			defaultConfigurationName = Release;
		};
		5A6A50FB28EB1C8F005009D8 /* Build configuration list for PBXNativeTarget "KODE-SampleUITests" */ = {
			isa = XCConfigurationList;
			buildConfigurations = (
				5A6A50FC28EB1C8F005009D8 /* Debug */,
				5A6A50FD28EB1C8F005009D8 /* Release */,
			);
			defaultConfigurationIsVisible = 0;
			defaultConfigurationName = Release;
		};
/* End XCConfigurationList section */

/* Begin XCRemoteSwiftPackageReference section */
		5AF21071290AC74700933EF5 /* XCRemoteSwiftPackageReference "Sourcery" */ = {
			isa = XCRemoteSwiftPackageReference;
			repositoryURL = "https://github.com/krzysztofzablocki/Sourcery";
			requirement = {
				kind = revision;
				revision = 8aab07cbda5206a2625ff9736c065262d2804364;
			};
		};
/* End XCRemoteSwiftPackageReference section */
	};
	rootObject = 5A6A50C928EB1C8C005009D8 /* Project object */;
}
